Microsoft Visual Studio Solution File, Format Version 12.00
# Visual Studio Version 17
VisualStudioVersion = 17.0.31903.59
MinimumVisualStudioVersion = 10.0.40219.1
Project("{FAE04EC0-301F-11D3-BF4B-00C04F79EFBC}") = "HarnessLens.VisualStudio", "src\HarnessLens.VisualStudio\HarnessLens.VisualStudio.csproj", "{D0D6967A-112D-44E6-AFB1-BA0E278A7D24}"
EndProject
Project("{FAE04EC0-301F-11D3-BF4B-00C04F79EFBC}") = "HarnessLens.VisualStudio.Tests", "tests\HarnessLens.VisualStudio.Tests\HarnessLens.VisualStudio.Tests.csproj", "{0BF84316-7679-43BC-BE81-6B7886F6AF26}"
EndProject
Global
	GlobalSection(SolutionConfigurationPlatforms) = preSolution
		Debug|Any CPU = Debug|Any CPU
		Release|Any CPU = Release|Any CPU
	EndGlobalSection
	GlobalSection(ProjectConfigurationPlatforms) = postSolution
		{D0D6967A-112D-44E6-AFB1-BA0E278A7D24}.Debug|Any CPU.ActiveCfg = Debug|Any CPU
		{D0D6967A-112D-44E6-AFB1-BA0E278A7D24}.Debug|Any CPU.Build.0 = Debug|Any CPU
		{D0D6967A-112D-44E6-AFB1-BA0E278A7D24}.Release|Any CPU.ActiveCfg = Release|Any CPU
		{D0D6967A-112D-44E6-AFB1-BA0E278A7D24}.Release|Any CPU.Build.0 = Release|Any CPU
		{0BF84316-7679-43BC-BE81-6B7886F6AF26}.Debug|Any CPU.ActiveCfg = Debug|Any CPU
		{0BF84316-7679-43BC-BE81-6B7886F6AF26}.Debug|Any CPU.Build.0 = Debug|Any CPU
		{0BF84316-7679-43BC-BE81-6B7886F6AF26}.Release|Any CPU.ActiveCfg = Release|Any CPU
		{0BF84316-7679-43BC-BE81-6B7886F6AF26}.Release|Any CPU.Build.0 = Release|Any CPU
	EndGlobalSection
EndGlobal
